
Microsoft Visual Studio Solution File, Format Version 12.00
# Visual Studio Version 17
VisualStudioVersion = 17.1.32421.90
MinimumVisualStudioVersion = 10.0.40219.1
Project("{FAE04EC0-301F-11D3-BF4B-00C04F79EFBC}") = "DesignPatterns", "DesignPatterns\DesignPatterns.csproj", "{6413E3D6-BD4D-45E2-87A8-24504A06F8FE}"
EndProject
Global
	GlobalSection(SolutionConfigurationPlatforms) = preSolution
		Debug|Any CPU = Debug|Any CPU
		Release|Any CPU = Release|Any CPU
	EndGlobalSection
	GlobalSection(ProjectConfigurationPlatforms) = postSolution
		{6413E3D6-BD4D-45E2-87A8-24504A06F8FE}.Debug|Any CPU.ActiveCfg = Debug|Any CPU
		{6413E3D6-BD4D-45E2-87A8-24504A06F8FE}.Debug|Any CPU.Build.0 = Debug|Any CPU
		{6413E3D6-BD4D-45E2-87A8-24504A06F8FE}.Release|Any CPU.ActiveCfg = Release|Any CPU
		{6413E3D6-BD4D-45E2-87A8-24504A06F8FE}.Release|Any CPU.Build.0 = Release|Any CPU
	EndGlobalSection
	GlobalSection(SolutionProperties) = preSolution
		HideSolutionNode = FALSE
	EndGlobalSection
	GlobalSection(ExtensibilityGlobals) = postSolution
		SolutionGuid = {20B4224C-C7BB-4A46-BE71-7074655CFEFA}
	EndGlobalSection
EndGlobal
